
Microsoft Visual Studio Solution File, Format Version 12.00
# Visual Studio Version 16
VisualStudioVersion = 16.0.30517.126
MinimumVisualStudioVersion = 10.0.40219.1
Project("{9A19103F-16F7-4668-BE54-9A1E7A4F7556}") = "BergerMsfaApi", "BergerMsfaApi\BergerMsfaApi.csproj", "{8B01B047-4F9D-4C12-AA70-DEE09AB5277A}"
EndProject
Project("{9A19103F-16F7-4668-BE54-9A1E7A4F7556}") = "Berger.Common", "Berger.Common\Berger.Common.csproj", "{8A22D46A-7604-4612-8617-6123A330477A}"
EndProject
Project("{9A19103F-16F7-4668-BE54-9A1E7A4F7556}") = "Berger.Data", "Berger.Data\Berger.Data.csproj", "{CBAA2E7D-45E5-470F-AD00-F347A0981327}"
EndProject
Global
	GlobalSection(SolutionConfigurationPlatforms) = preSolution
		Debug|Any CPU = Debug|Any CPU
		Release|Any CPU = Release|Any CPU
	EndGlobalSection
	GlobalSection(ProjectConfigurationPlatforms) = postSolution
		{8B01B047-4F9D-4C12-AA70-DEE09AB5277A}.Debug|Any CPU.ActiveCfg = Debug|Any CPU
		{8B01B047-4F9D-4C12-AA70-DEE09AB5277A}.Debug|Any CPU.Build.0 = Debug|Any CPU
		{8B01B047-4F9D-4C12-AA70-DEE09AB5277A}.Release|Any CPU.ActiveCfg = Release|Any CPU
		{8B01B047-4F9D-4C12-AA70-DEE09AB5277A}.Release|Any CPU.Build.0 = Release|Any CPU
		{8A22D46A-7604-4612-8617-6123A330477A}.Debug|Any CPU.ActiveCfg = Debug|Any CPU
		{8A22D46A-7604-4612-8617-6123A330477A}.Debug|Any CPU.Build.0 = Debug|Any CPU
		{8A22D46A-7604-4612-8617-6123A330477A}.Release|Any CPU.ActiveCfg = Release|Any CPU
		{8A22D46A-7604-4612-8617-6123A330477A}.Release|Any CPU.Build.0 = Release|Any CPU
		{CBAA2E7D-45E5-470F-AD00-F347A0981327}.Debug|Any CPU.ActiveCfg = Debug|Any CPU
		{CBAA2E7D-45E5-470F-AD00-F347A0981327}.Debug|Any CPU.Build.0 = Debug|Any CPU
		{CBAA2E7D-45E5-470F-AD00-F347A0981327}.Release|Any CPU.ActiveCfg = Release|Any CPU
		{CBAA2E7D-45E5-470F-AD00-F347A0981327}.Release|Any CPU.Build.0 = Release|Any CPU
	EndGlobalSection
	GlobalSection(SolutionProperties) = preSolution
		HideSolutionNode = FALSE
	EndGlobalSection
	GlobalSection(ExtensibilityGlobals) = postSolution
		SolutionGuid = {25764256-637F-4761-8BEE-D31D2F3C3305}
	EndGlobalSection
EndGlobal
